# This file was autogenerated by Stack.
# You should not edit this file by hand.
# For more information, please see the documentation at:
#   https://docs.haskellstack.org/en/stable/topics/lock_files

packages:
- completed:
    hackage: sdl2-cairo-0.2@sha256:f4136fe6ffa5f625725ef43391178bfb59c40eeaf985d78fba16e594d6f9dc08,1134
    pantry-tree:
      sha256: 1386db4b3a942d7ca4c2215e2662537d1312ebfa9087b79f5430dca94547af39
      size: 211
  original:
    hackage: sdl2-cairo-0.2
snapshots:
- completed:
    sha256: 238fa745b64f91184f9aa518fe04bdde6552533d169b0da5256670df83a0f1a9
    size: 721141
    url: https://raw.githubusercontent.com/commercialhaskell/stackage-snapshots/master/lts/22/44.yaml
  original: lts-22.44
